// !$*UTF8*$!
{
	archiveVersion = 1;
	classes = {
	};
	objectVersion = 48;
	objects = {

/* Begin PBXBuildFile section */
		FE3B4D031F3393ED00306C80 /* AppDelegate.swift in Sources */ = {isa = PBXBuildFile; fileRef = FE3B4D021F3393ED00306C80 /* AppDelegate.swift */; };
		FE3B4D051F3393ED00306C80 /* ViewController.swift in Sources */ = {isa = PBXBuildFile; fileRef = FE3B4D041F3393ED00306C80 /* ViewController.swift */; };
		FE3B4D081F3393ED00306C80 /* Main.storyboard in Resources */ = {isa = PBXBuildFile; fileRef = FE3B4D061F3393ED00306C80 /* Main.storyboard */; };
		FE3B4D0A1F3393ED00306C80 /* Assets.xcassets in Resources */ = {isa = PBXBuildFile; fileRef = FE3B4D091F3393ED00306C80 /* Assets.xcassets */; };
		FE3B4D0D1F3393ED00306C80 /* LaunchScreen.storyboard in Resources */ = {isa = PBXBuildFile; fileRef = FE3B4D0B1F3393ED00306C80 /* LaunchScreen.storyboard */; };
/* End PBXBuildFile section */

/* Begin PBXFileReference section */
		FE3B4CFF1F3393ED00306C80 /* move.app */ = {isa = PBXFileReference; explicitFileType = wrapper.application; includeInIndex = 0; path = move.app; sourceTree = BUILT_PRODUCTS_DIR; };
		FE3B4D021F3393ED00306C80 /* AppDelegate.swift */ = {isa = PBXFileReference; lastKnownFileType = sourcecode.swift; path = AppDelegate.swift; sourceTree = "<group>"; };
		FE3B4D041F3393ED00306C80 /* ViewController.swift */ = {isa = PBXFileReference; lastKnownFileType = sourcecode.swift; path = ViewController.swift; sourceTree = "<group>"; };
		FE3B4D071F3393ED00306C80 /* Base */ = {isa = PBXFileReference; lastKnownFileType = file.storyboard; name = Base; path = Base.lproj/Main.storyboard; sourceTree = "<group>"; };
		FE3B4D091F3393ED00306C80 /* Assets.xcassets */ = {isa = PBXFileReference; lastKnownFileType = folder.assetcatalog; path = Assets.xcassets; sourceTree = "<group>"; };
		FE3B4D0C1F3393ED00306C80 /* Base */ = {isa = PBXFileReference; lastKnownFileType = file.storyboard; name = Base; path = Base.lproj/LaunchScreen.storyboard; sourceTree = "<group>"; };
		FE3B4D0E1F3393ED00306C80 /* Info.plist */ = {isa = PBXFileReference; lastKnownFileType = text.plist.xml; path = Info.plist; sourceTree = "<group>"; };
/* End PBXFileReference section */

/* Begin PBXFrameworksBuildPhase section */
		FE3B4CFC1F3393ED00306C80 /* Frameworks */ = {
			isa = PBXFrameworksBuildPhase;
			buildActionMask = 2147483647;
			files = (
			);
			runOnlyForDeploymentPostprocessing = 0;
		};
/* End PBXFrameworksBuildPhase section */

/* Begin PBXGroup section */
		FE3B4CF61F3393ED00306C80 = {
			isa = PBXGroup;
			children = (
				FE3B4D011F3393ED00306C80 /* move */,
				FE3B4D001F3393ED00306C80 /* Products */,
			);
			sourceTree = "<group>";
		};
		FE3B4D001F3393ED00306C80 /* Products */ = {
			isa = PBXGroup;
			children = (
				FE3B4CFF1F3393ED00306C80 /* move.app */,
			);
			name = Products;
			sourceTree = "<group>";
		};
		FE3B4D011F3393ED00306C80 /* move */ = {
			isa = PBXGroup;
			children = (
				FE3B4D021F3393ED00306C80 /* AppDelegate.swift */,
				FE3B4D041F3393ED00306C80 /* ViewController.swift */,
				FE3B4D061F3393ED00306C80 /* Main.storyboard */,
				FE3B4D091F3393ED00306C80 /* Assets.xcassets */,
				FE3B4D0B1F3393ED00306C80 /* LaunchScreen.storyboard */,
				FE3B4D0E1F3393ED00306C80 /* Info.plist */,
			);
			path = move;
			sourceTree = "<group>";
		};
/* End PBXGroup section */

/* Begin PBXNativeTarget section */
		FE3B4CFE1F3393ED00306C80 /* move */ = {
			isa = PBXNativeTarget;
			buildConfigurationList = FE3B4D111F3393ED00306C80 /* Build configuration list for PBXNativeTarget "move" */;
			buildPhases = (
				FE3B4CFB1F3393ED00306C80 /* Sources */,
				FE3B4CFC1F3393ED00306C80 /* Frameworks */,
				FE3B4CFD1F3393ED00306C80 /* Resources */,
			);
			buildRules = (
			);
			dependencies = (
			);
			name = move;
			productName = move;
			productReference = FE3B4CFF1F3393ED00306C80 /* move.app */;
			productType = "com.apple.product-type.application";
		};
/* End PBXNativeTarget section */

/* Begin PBXProject section */
		FE3B4CF71F3393ED00306C80 /* Project object */ = {
			isa = PBXProject;
			attributes = {
				LastSwiftUpdateCheck = 0900;
				LastUpgradeCheck = 0900;
				ORGANIZATIONNAME = "Lijie Zhao";
				TargetAttributes = {
					FE3B4CFE1F3393ED00306C80 = {
						CreatedOnToolsVersion = 9.0;
					};
				};
			};
			buildConfigurationList = FE3B4CFA1F3393ED00306C80 /* Build configuration list for PBXProject "move" */;
			compatibilityVersion = "Xcode 8.0";
			developmentRegion = en;
			hasScannedForEncodings = 0;
			knownRegions = (
				en,
				Base,
			);
			mainGroup = FE3B4CF61F3393ED00306C80;
			productRefGroup = FE3B4D001F3393ED00306C80 /* Products */;
			projectDirPath = "";
			projectRoot = "";
			targets = (
				FE3B4CFE1F3393ED00306C80 /* move */,
			);
		};
/* End PBXProject section */

/* Begin PBXResourcesBuildPhase section */
		FE3B4CFD1F3393ED00306C80 /* Resources */ = {
			isa = PBXResourcesBuildPhase;
			buildActionMask = 2147483647;
			files = (
				FE3B4D0D1F3393ED00306C80 /* LaunchScreen.storyboard in Resources */,
				FE3B4D0A1F3393ED00306C80 /* Assets.xcassets in Resources */,
				FE3B4D081F3393ED00306C80 /* Main.storyboard in Resources */,
			);
			runOnlyForDeploymentPostprocessing = 0;
		};
/* End PBXResourcesBuildPhase section */

/* Begin PBXSourcesBuildPhase section */
		FE3B4CFB1F3393ED00306C80 /* Sources */ = {
			isa = PBXSourcesBuildPhase;
			buildActionMask = 2147483647;
			files = (
				FE3B4D051F3393ED00306C80 /* ViewController.swift in Sources */,
				FE3B4D031F3393ED00306C80 /* AppDelegate.swift in Sources */,
			);
			runOnlyForDeploymentPostprocessing = 0;
		};
/* End PBXSourcesBuildPhase section */

/* Begin PBXVariantGroup section */
		FE3B4D061F3393ED00306C80 /* Main.storyboard */ = {
			isa = PBXVariantGroup;
			children = (
				FE3B4D071F3393ED00306C80 /* Base */,
			);
			name = Main.storyboard;
			sourceTree = "<group>";
		};
		FE3B4D0B1F3393ED00306C80 /* LaunchScreen.storyboard */ = {
			isa = PBXVariantGroup;
			children = (
				FE3B4D0C1F3393ED00306C80 /* Base */,
			);
			name = LaunchScreen.storyboard;
			sourceTree = "<group>";
		};
/* End PBXVariantGroup section */

/* Begin XCBuildConfiguration section */
		FE3B4D0F1F3393ED00306C80 /* Debug */ = {
			isa = XCBuildConfiguration;
			buildSettings = {
				ALWAYS_SEARCH_USER_PATHS = NO;
				CLANG_ANALYZER_NONNULL = YES;
				CLANG_ANALYZER_NUMBER_OBJECT_CONVERSION = YES_AGGRESSIVE;
				CLANG_CXX_LANGUAGE_STANDARD = "gnu++14";
				CLANG_CXX_LIBRARY = "libc++";
				CLANG_ENABLE_MODULES = YES;
				CLANG_ENABLE_OBJC_ARC = YES;
				CLANG_WARN_BLOCK_CAPTURE_AUTORELEASING = YES;
				CLANG_WARN_BOOL_CONVERSION = YES;
				CLANG_WARN_COMMA = YES;
				CLANG_WARN_CONSTANT_CONVERSION = YES;
				CLANG_WARN_DIRECT_OBJC_ISA_USAGE = YES_ERROR;
				CLANG_WARN_DOCUMENTATION_COMMENTS = YES;
				CLANG_WARN_EMPTY_BODY = YES;
				CLANG_WARN_ENUM_CONVERSION = YES;
				CLANG_WARN_INFINITE_RECURSION = YES;
				CLANG_WARN_INT_CONVERSION = YES;
				CLANG_WARN_NON_LITERAL_NULL_CONVERSION = YES;
				CLANG_WARN_OBJC_LITERAL_CONVERSION = YES;
				CLANG_WARN_OBJC_ROOT_CLASS = YES_ERROR;
				CLANG_WARN_RANGE_LOOP_ANALYSIS = YES;
				CLANG_WARN_STRICT_PROTOTYPES = YES;
				CLANG_WARN_SUSPICIOUS_MOVE = YES;
				CLANG_WARN_UNGUARDED_AVAILABILITY = YES_AGGRESSIVE;
				CLANG_WARN_UNREACHABLE_CODE = YES;
				CLANG_WARN__DUPLICATE_METHOD_MATCH = YES;
				CODE_SIGN_IDENTITY = "iPhone Developer";
				COPY_PHASE_STRIP = NO;
				DEBUG_INFORMATION_FORMAT = dwarf;
				ENABLE_STRICT_OBJC_MSGSEND = YES;
				ENABLE_TESTABILITY = YES;
				GCC_C_LANGUAGE_STANDARD = gnu11;
				GCC_DYNAMIC_NO_PIC = NO;
				GCC_NO_COMMON_BLOCKS = YES;
				GCC_OPTIMIZATION_LEVEL = 0;
				GCC_PREPROCESSOR_DEFINITIONS = (
					"DEBUG=1",
					"$(inherited)",
				);
				GCC_WARN_64_TO_32_BIT_CONVERSION = YES;
				GCC_WARN_ABOUT_RETURN_TYPE = YES_ERROR;
				GCC_WARN_UNDECLARED_SELECTOR = YES;
				GCC_WARN_UNINITIALIZED_AUTOS = YES_AGGRESSIVE;
				GCC_WARN_UNUSED_FUNCTION = YES;
				GCC_WARN_UNUSED_VARIABLE = YES;
				IPHONEOS_DEPLOYMENT_TARGET = 11.0;
				MTL_ENABLE_DEBUG_INFO = YES;
				ONLY_ACTIVE_ARCH = YES;
				SDKROOT = iphoneos;
				SWIFT_ACTIVE_COMPILATION_CONDITIONS = DEBUG;
				SWIFT_OPTIMIZATION_LEVEL = "-Onone";
			};
			name = Debug;
		};
		FE3B4D101F3393ED00306C80 /* Release */ = {
			isa = XCBuildConfiguration;
			buildSettings = {
				ALWAYS_SEARCH_USER_PATHS = NO;
				CLANG_ANALYZER_NONNULL = YES;
				CLANG_ANALYZER_NUMBER_OBJECT_CONVERSION = YES_AGGRESSIVE;
				CLANG_CXX_LANGUAGE_STANDARD = "gnu++14";
				CLANG_CXX_LIBRARY = "libc++";
				CLANG_ENABLE_MODULES = YES;
				CLANG_ENABLE_OBJC_ARC = YES;
				CLANG_WARN_BLOCK_CAPTURE_AUTORELEASING = YES;
				CLANG_WARN_BOOL_CONVERSION = YES;
				CLANG_WARN_COMMA = YES;
				CLANG_WARN_CONSTANT_CONVERSION = YES;
				CLANG_WARN_DIRECT_OBJC_ISA_USAGE = YES_ERROR;
				CLANG_WARN_DOCUMENTATION_COMMENTS = YES;
				CLANG_WARN_EMPTY_BODY = YES;
				CLANG_WARN_ENUM_CONVERSION = YES;
				CLANG_WARN_INFINITE_RECURSION = YES;
				CLANG_WARN_INT_CONVERSION = YES;
				CLANG_WARN_NON_LITERAL_NULL_CONVERSION = YES;
				CLANG_WARN_OBJC_LITERAL_CONVERSION = YES;
				CLANG_WARN_OBJC_ROOT_CLASS = YES_ERROR;
				CLANG_WARN_RANGE_LOOP_ANALYSIS = YES;
				CLANG_WARN_STRICT_PROTOTYPES = YES;
				CLANG_WARN_SUSPICIOUS_MOVE = YES;
				CLANG_WARN_UNGUARDED_AVAILABILITY = YES_AGGRESSIVE;
				CLANG_WARN_UNREACHABLE_CODE = YES;
				CLANG_WARN__DUPLICATE_METHOD_MATCH = YES;
				CODE_SIGN_IDENTITY = "iPhone Developer";
				COPY_PHASE_STRIP = NO;
				DEBUG_INFORMATION_FORMAT = "dwarf-with-dsym";
				ENABLE_NS_ASSERTIONS = NO;
				ENABLE_STRICT_OBJC_MSGSEND = YES;
				GCC_C_LANGUAGE_STANDARD = gnu11;
				GCC_NO_COMMON_BLOCKS = YES;
				GCC_WARN_64_TO_32_BIT_CONVERSION = YES;
				GCC_WARN_ABOUT_RETURN_TYPE = YES_ERROR;
				GCC_WARN_UNDECLARED_SELECTOR = YES;
				GCC_WARN_UNINITIALIZED_AUTOS = YES_AGGRESSIVE;
				GCC_WARN_UNUSED_FUNCTION = YES;
				GCC_WARN_UNUSED_VARIABLE = YES;
				IPHONEOS_DEPLOYMENT_TARGET = 11.0;
				MTL_ENABLE_DEBUG_INFO = NO;
				SDKROOT = iphoneos;
				SWIFT_OPTIMIZATION_LEVEL = "-Owholemodule";
				VALIDATE_PRODUCT = YES;
			};
			name = Release;
		};
		FE3B4D121F3393ED00306C80 /* Debug */ = {
			isa = XCBuildConfiguration;
			buildSettings = {
				ASSETCATALOG_COMPILER_APPICON_NAME = AppIcon;
				DEVELOPMENT_TEAM = 3RB5P9H52G;
				INFOPLIST_FILE = move/Info.plist;
				LD_RUNPATH_SEARCH_PATHS = "$(inherited) @executable_path/Frameworks";
				PRODUCT_BUNDLE_IDENTIFIER = ZHAO.move;
				PRODUCT_NAME = "$(TARGET_NAME)";
				SWIFT_VERSION = 4.0;
				TARGETED_DEVICE_FAMILY = "1,2";
			};
			name = Debug;
		};
		FE3B4D131F3393ED00306C80 /* Release */ = {
			isa = XCBuildConfiguration;
			buildSettings = {
				ASSETCATALOG_COMPILER_APPICON_NAME = AppIcon;
				DEVELOPMENT_TEAM = 3RB5P9H52G;
				INFOPLIST_FILE = move/Info.plist;
				LD_RUNPATH_SEARCH_PATHS = "$(inherited) @executable_path/Frameworks";
				PRODUCT_BUNDLE_IDENTIFIER = ZHAO.move;
				PRODUCT_NAME = "$(TARGET_NAME)";
				SWIFT_VERSION = 4.0;
				TARGETED_DEVICE_FAMILY = "1,2";
			};
			name = Release;
		};
/* End XCBuildConfiguration section */

/* Begin XCConfigurationList section */
		FE3B4CFA1F3393ED00306C80 /* Build configuration list for PBXProject "move" */ = {
			isa = XCConfigurationList;
			buildConfigurations = (
				FE3B4D0F1F3393ED00306C80 /* Debug */,
				FE3B4D101F3393ED00306C80 /* Release */,
			);
			defaultConfigurationIsVisible = 0;
			defaultConfigurationName = Release;
		};
		FE3B4D111F3393ED00306C80 /* Build configuration list for PBXNativeTarget "move" */ = {
			isa = XCConfigurationList;
			buildConfigurations = (
				FE3B4D121F3393ED00306C80 /* Debug */,
				FE3B4D131F3393ED00306C80 /* Release */,
			);
			defaultConfigurationIsVisible = 0;
			defaultConfigurationName = Release;
		};
/* End XCConfigurationList section */
	};
	rootObject = FE3B4CF71F3393ED00306C80 /* Project object */;
}
